// !$*UTF8*$!
{
	archiveVersion = 1;
	classes = {
	};
	objectVersion = 46;
	objects = {

/* Begin PBXBuildFile section */
		7B0B2BF91E4541E200D663C8 /* GradientCell.swift in Sources */ = {isa = PBXBuildFile; fileRef = 7B0B2BF81E4541E200D663C8 /* GradientCell.swift */; };
		7B2DBB1A1E48E098004C55B0 /* SettingsVC.swift in Sources */ = {isa = PBXBuildFile; fileRef = 7B2DBB191E48E098004C55B0 /* SettingsVC.swift */; };
		7B36DB081E4268D000EEB1C7 /* AppDelegate.swift in Sources */ = {isa = PBXBuildFile; fileRef = 7B36DB071E4268D000EEB1C7 /* AppDelegate.swift */; };
		7B36DB0A1E4268D000EEB1C7 /* MainVC.swift in Sources */ = {isa = PBXBuildFile; fileRef = 7B36DB091E4268D000EEB1C7 /* MainVC.swift */; };
		7B36DB0F1E4268D000EEB1C7 /* Assets.xcassets in Resources */ = {isa = PBXBuildFile; fileRef = 7B36DB0E1E4268D000EEB1C7 /* Assets.xcassets */; };
		7B36DB121E4268D000EEB1C7 /* LaunchScreen.storyboard in Resources */ = {isa = PBXBuildFile; fileRef = 7B36DB101E4268D000EEB1C7 /* LaunchScreen.storyboard */; };
		7B749D411E4277A300ADB41B /* Extensions.swift in Sources */ = {isa = PBXBuildFile; fileRef = 7B749D401E4277A300ADB41B /* Extensions.swift */; };
		7B749D431E4277BF00ADB41B /* Constants.swift in Sources */ = {isa = PBXBuildFile; fileRef = 7B749D421E4277BF00ADB41B /* Constants.swift */; };
		7B749D451E4289C800ADB41B /* ActionsView.swift in Sources */ = {isa = PBXBuildFile; fileRef = 7B749D441E4289C800ADB41B /* ActionsView.swift */; };
		7BFDAB901E43DFDD001C5844 /* ButtonsView.swift in Sources */ = {isa = PBXBuildFile; fileRef = 7BFDAB8F1E43DFDD001C5844 /* ButtonsView.swift */; };
		7BFDAB921E43DFE3001C5844 /* ResultsView.swift in Sources */ = {isa = PBXBuildFile; fileRef = 7BFDAB911E43DFE3001C5844 /* ResultsView.swift */; };
		7BFDAB941E43E3EC001C5844 /* TextfieldView.swift in Sources */ = {isa = PBXBuildFile; fileRef = 7BFDAB931E43E3EC001C5844 /* TextfieldView.swift */; };
		7BFDABB91E44EE59001C5844 /* ColorsVC.swift in Sources */ = {isa = PBXBuildFile; fileRef = 7BFDABB81E44EE59001C5844 /* ColorsVC.swift */; };
		7BFDABBF1E44FBDA001C5844 /* GradientColor.swift in Sources */ = {isa = PBXBuildFile; fileRef = 7BFDABBE1E44FBDA001C5844 /* GradientColor.swift */; };
/* End PBXBuildFile section */

/* Begin PBXFileReference section */
		7B0B2BF81E4541E200D663C8 /* GradientCell.swift */ = {isa = PBXFileReference; fileEncoding = 4; lastKnownFileType = sourcecode.swift; path = GradientCell.swift; sourceTree = "<group>"; };
		7B2DBB191E48E098004C55B0 /* SettingsVC.swift */ = {isa = PBXFileReference; fileEncoding = 4; lastKnownFileType = sourcecode.swift; path = SettingsVC.swift; sourceTree = "<group>"; };
		7B36DB041E4268D000EEB1C7 /* TipCalculator.app */ = {isa = PBXFileReference; explicitFileType = wrapper.application; includeInIndex = 0; path = TipCalculator.app; sourceTree = BUILT_PRODUCTS_DIR; };
		7B36DB071E4268D000EEB1C7 /* AppDelegate.swift */ = {isa = PBXFileReference; lastKnownFileType = sourcecode.swift; path = AppDelegate.swift; sourceTree = "<group>"; };
		7B36DB091E4268D000EEB1C7 /* MainVC.swift */ = {isa = PBXFileReference; lastKnownFileType = sourcecode.swift; path = MainVC.swift; sourceTree = "<group>"; };
		7B36DB0E1E4268D000EEB1C7 /* Assets.xcassets */ = {isa = PBXFileReference; lastKnownFileType = folder.assetcatalog; path = Assets.xcassets; sourceTree = "<group>"; };
		7B36DB111E4268D000EEB1C7 /* Base */ = {isa = PBXFileReference; lastKnownFileType = file.storyboard; name = Base; path = Base.lproj/LaunchScreen.storyboard; sourceTree = "<group>"; };
		7B36DB131E4268D000EEB1C7 /* Info.plist */ = {isa = PBXFileReference; lastKnownFileType = text.plist.xml; path = Info.plist; sourceTree = "<group>"; };
		7B749D401E4277A300ADB41B /* Extensions.swift */ = {isa = PBXFileReference; fileEncoding = 4; lastKnownFileType = sourcecode.swift; path = Extensions.swift; sourceTree = "<group>"; };
		7B749D421E4277BF00ADB41B /* Constants.swift */ = {isa = PBXFileReference; fileEncoding = 4; lastKnownFileType = sourcecode.swift; path = Constants.swift; sourceTree = "<group>"; };
		7B749D441E4289C800ADB41B /* ActionsView.swift */ = {isa = PBXFileReference; fileEncoding = 4; lastKnownFileType = sourcecode.swift; path = ActionsView.swift; sourceTree = "<group>"; };
		7BFDAB8F1E43DFDD001C5844 /* ButtonsView.swift */ = {isa = PBXFileReference; fileEncoding = 4; lastKnownFileType = sourcecode.swift; path = ButtonsView.swift; sourceTree = "<group>"; };
		7BFDAB911E43DFE3001C5844 /* ResultsView.swift */ = {isa = PBXFileReference; fileEncoding = 4; lastKnownFileType = sourcecode.swift; path = ResultsView.swift; sourceTree = "<group>"; };
		7BFDAB931E43E3EC001C5844 /* TextfieldView.swift */ = {isa = PBXFileReference; fileEncoding = 4; lastKnownFileType = sourcecode.swift; path = TextfieldView.swift; sourceTree = "<group>"; };
		7BFDABB81E44EE59001C5844 /* ColorsVC.swift */ = {isa = PBXFileReference; fileEncoding = 4; lastKnownFileType = sourcecode.swift; path = ColorsVC.swift; sourceTree = "<group>"; };
		7BFDABBE1E44FBDA001C5844 /* GradientColor.swift */ = {isa = PBXFileReference; fileEncoding = 4; lastKnownFileType = sourcecode.swift; path = GradientColor.swift; sourceTree = "<group>"; };
/* End PBXFileReference section */

/* Begin PBXFrameworksBuildPhase section */
		7B36DB011E4268D000EEB1C7 /* Frameworks */ = {
			isa = PBXFrameworksBuildPhase;
			buildActionMask = 2147483647;
			files = (
			);
			runOnlyForDeploymentPostprocessing = 0;
		};
/* End PBXFrameworksBuildPhase section */

/* Begin PBXGroup section */
		7B0B2BFA1E45566900D663C8 /* Model */ = {
			isa = PBXGroup;
			children = (
				7BFDABBE1E44FBDA001C5844 /* GradientColor.swift */,
			);
			name = Model;
			sourceTree = "<group>";
		};
		7B36DAFB1E4268D000EEB1C7 = {
			isa = PBXGroup;
			children = (
				7B36DB061E4268D000EEB1C7 /* TipCalculator */,
				7B36DB051E4268D000EEB1C7 /* Products */,
			);
			sourceTree = "<group>";
		};
		7B36DB051E4268D000EEB1C7 /* Products */ = {
			isa = PBXGroup;
			children = (
				7B36DB041E4268D000EEB1C7 /* TipCalculator.app */,
			);
			name = Products;
			sourceTree = "<group>";
		};
		7B36DB061E4268D000EEB1C7 /* TipCalculator */ = {
			isa = PBXGroup;
			children = (
				7B36DB071E4268D000EEB1C7 /* AppDelegate.swift */,
				7B0B2BFA1E45566900D663C8 /* Model */,
				7BFDAB961E43E50B001C5844 /* Views */,
				7BFDAB951E43E502001C5844 /* Controllers */,
				7BFDAB971E43E526001C5844 /* Helpers */,
				7B36DB0E1E4268D000EEB1C7 /* Assets.xcassets */,
				7B36DB101E4268D000EEB1C7 /* LaunchScreen.storyboard */,
				7B36DB131E4268D000EEB1C7 /* Info.plist */,
			);
			path = TipCalculator;
			sourceTree = "<group>";
		};
		7BFDAB951E43E502001C5844 /* Controllers */ = {
			isa = PBXGroup;
			children = (
				7BFDABB81E44EE59001C5844 /* ColorsVC.swift */,
				7B36DB091E4268D000EEB1C7 /* MainVC.swift */,
				7B2DBB191E48E098004C55B0 /* SettingsVC.swift */,
			);
			name = Controllers;
			sourceTree = "<group>";
		};
		7BFDAB961E43E50B001C5844 /* Views */ = {
			isa = PBXGroup;
			children = (
				7B0B2BF81E4541E200D663C8 /* GradientCell.swift */,
				7B749D441E4289C800ADB41B /* ActionsView.swift */,
				7BFDAB931E43E3EC001C5844 /* TextfieldView.swift */,
				7BFDAB8F1E43DFDD001C5844 /* ButtonsView.swift */,
				7BFDAB911E43DFE3001C5844 /* ResultsView.swift */,
			);
			name = Views;
			sourceTree = "<group>";
		};
		7BFDAB971E43E526001C5844 /* Helpers */ = {
			isa = PBXGroup;
			children = (
				7B749D421E4277BF00ADB41B /* Constants.swift */,
				7B749D401E4277A300ADB41B /* Extensions.swift */,
			);
			name = Helpers;
			sourceTree = "<group>";
		};
/* End PBXGroup section */

/* Begin PBXNativeTarget section */
		7B36DB031E4268D000EEB1C7 /* TipCalculator */ = {
			isa = PBXNativeTarget;
			buildConfigurationList = 7B36DB161E4268D000EEB1C7 /* Build configuration list for PBXNativeTarget "TipCalculator" */;
			buildPhases = (
				7B36DB001E4268D000EEB1C7 /* Sources */,
				7B36DB011E4268D000EEB1C7 /* Frameworks */,
				7B36DB021E4268D000EEB1C7 /* Resources */,
			);
			buildRules = (
			);
			dependencies = (
			);
			name = TipCalculator;
			productName = TipCalculator;
			productReference = 7B36DB041E4268D000EEB1C7 /* TipCalculator.app */;
			productType = "com.apple.product-type.application";
		};
/* End PBXNativeTarget section */

/* Begin PBXProject section */
		7B36DAFC1E4268D000EEB1C7 /* Project object */ = {
			isa = PBXProject;
			attributes = {
				LastSwiftUpdateCheck = 0810;
				LastUpgradeCheck = 0810;
				ORGANIZATIONNAME = "James Rochabrun";
				TargetAttributes = {
					7B36DB031E4268D000EEB1C7 = {
						CreatedOnToolsVersion = 8.1;
						DevelopmentTeam = ULU46F325W;
						ProvisioningStyle = Automatic;
					};
				};
			};
			buildConfigurationList = 7B36DAFF1E4268D000EEB1C7 /* Build configuration list for PBXProject "TipCalculator" */;
			compatibilityVersion = "Xcode 3.2";
			developmentRegion = English;
			hasScannedForEncodings = 0;
			knownRegions = (
				en,
				Base,
			);
			mainGroup = 7B36DAFB1E4268D000EEB1C7;
			productRefGroup = 7B36DB051E4268D000EEB1C7 /* Products */;
			projectDirPath = "";
			projectRoot = "";
			targets = (
				7B36DB031E4268D000EEB1C7 /* TipCalculator */,
			);
		};
/* End PBXProject section */

/* Begin PBXResourcesBuildPhase section */
		7B36DB021E4268D000EEB1C7 /* Resources */ = {
			isa = PBXResourcesBuildPhase;
			buildActionMask = 2147483647;
			files = (
				7B36DB121E4268D000EEB1C7 /* LaunchScreen.storyboard in Resources */,
				7B36DB0F1E4268D000EEB1C7 /* Assets.xcassets in Resources */,
			);
			runOnlyForDeploymentPostprocessing = 0;
		};
/* End PBXResourcesBuildPhase section */

/* Begin PBXSourcesBuildPhase section */
		7B36DB001E4268D000EEB1C7 /* Sources */ = {
			isa = PBXSourcesBuildPhase;
			buildActionMask = 2147483647;
			files = (
				7BFDAB901E43DFDD001C5844 /* ButtonsView.swift in Sources */,
				7B749D451E4289C800ADB41B /* ActionsView.swift in Sources */,
				7BFDABBF1E44FBDA001C5844 /* GradientColor.swift in Sources */,
				7BFDAB941E43E3EC001C5844 /* TextfieldView.swift in Sources */,
				7B36DB0A1E4268D000EEB1C7 /* MainVC.swift in Sources */,
				7B2DBB1A1E48E098004C55B0 /* SettingsVC.swift in Sources */,
				7BFDABB91E44EE59001C5844 /* ColorsVC.swift in Sources */,
				7B749D411E4277A300ADB41B /* Extensions.swift in Sources */,
				7B0B2BF91E4541E200D663C8 /* GradientCell.swift in Sources */,
				7BFDAB921E43DFE3001C5844 /* ResultsView.swift in Sources */,
				7B36DB081E4268D000EEB1C7 /* AppDelegate.swift in Sources */,
				7B749D431E4277BF00ADB41B /* Constants.swift in Sources */,
			);
			runOnlyForDeploymentPostprocessing = 0;
		};
/* End PBXSourcesBuildPhase section */

/* Begin PBXVariantGroup section */
		7B36DB101E4268D000EEB1C7 /* LaunchScreen.storyboard */ = {
			isa = PBXVariantGroup;
			children = (
				7B36DB111E4268D000EEB1C7 /* Base */,
			);
			name = LaunchScreen.storyboard;
			sourceTree = "<group>";
		};
/* End PBXVariantGroup section */

/* Begin XCBuildConfiguration section */
		7B36DB141E4268D000EEB1C7 /* Debug */ = {
			isa = XCBuildConfiguration;
			buildSettings = {
				ALWAYS_SEARCH_USER_PATHS = NO;
				CLANG_ANALYZER_NONNULL = YES;
				CLANG_CXX_LANGUAGE_STANDARD = "gnu++0x";
				CLANG_CXX_LIBRARY = "libc++";
				CLANG_ENABLE_MODULES = YES;
				CLANG_ENABLE_OBJC_ARC = YES;
				CLANG_WARN_BOOL_CONVERSION = YES;
				CLANG_WARN_CONSTANT_CONVERSION = YES;
				CLANG_WARN_DIRECT_OBJC_ISA_USAGE = YES_ERROR;
				CLANG_WARN_DOCUMENTATION_COMMENTS = YES;
				CLANG_WARN_EMPTY_BODY = YES;
				CLANG_WARN_ENUM_CONVERSION = YES;
				CLANG_WARN_INFINITE_RECURSION = YES;
				CLANG_WARN_INT_CONVERSION = YES;
				CLANG_WARN_OBJC_ROOT_CLASS = YES_ERROR;
				CLANG_WARN_SUSPICIOUS_MOVES = YES;
				CLANG_WARN_UNREACHABLE_CODE = YES;
				CLANG_WARN__DUPLICATE_METHOD_MATCH = YES;
				"CODE_SIGN_IDENTITY[sdk=iphoneos*]" = "iPhone Developer";
				COPY_PHASE_STRIP = NO;
				DEBUG_INFORMATION_FORMAT = dwarf;
				ENABLE_STRICT_OBJC_MSGSEND = YES;
				ENABLE_TESTABILITY = YES;
				GCC_C_LANGUAGE_STANDARD = gnu99;
				GCC_DYNAMIC_NO_PIC = NO;
				GCC_NO_COMMON_BLOCKS = YES;
				GCC_OPTIMIZATION_LEVEL = 0;
				GCC_PREPROCESSOR_DEFINITIONS = (
					"DEBUG=1",
					"$(inherited)",
				);
				GCC_WARN_64_TO_32_BIT_CONVERSION = YES;
				GCC_WARN_ABOUT_RETURN_TYPE = YES_ERROR;
				GCC_WARN_UNDECLARED_SELECTOR = YES;
				GCC_WARN_UNINITIALIZED_AUTOS = YES_AGGRESSIVE;
				GCC_WARN_UNUSED_FUNCTION = YES;
				GCC_WARN_UNUSED_VARIABLE = YES;
				IPHONEOS_DEPLOYMENT_TARGET = 10.1;
				MTL_ENABLE_DEBUG_INFO = YES;
				ONLY_ACTIVE_ARCH = YES;
				SDKROOT = iphoneos;
				SWIFT_ACTIVE_COMPILATION_CONDITIONS = DEBUG;
				SWIFT_OPTIMIZATION_LEVEL = "-Onone";
				TARGETED_DEVICE_FAMILY = "1,2";
			};
			name = Debug;
		};
		7B36DB151E4268D000EEB1C7 /* Release */ = {
			isa = XCBuildConfiguration;
			buildSettings = {
				ALWAYS_SEARCH_USER_PATHS = NO;
				CLANG_ANALYZER_NONNULL = YES;
				CLANG_CXX_LANGUAGE_STANDARD = "gnu++0x";
				CLANG_CXX_LIBRARY = "libc++";
				CLANG_ENABLE_MODULES = YES;
				CLANG_ENABLE_OBJC_ARC = YES;
				CLANG_WARN_BOOL_CONVERSION = YES;
				CLANG_WARN_CONSTANT_CONVERSION = YES;
				CLANG_WARN_DIRECT_OBJC_ISA_USAGE = YES_ERROR;
				CLANG_WARN_DOCUMENTATION_COMMENTS = YES;
				CLANG_WARN_EMPTY_BODY = YES;
				CLANG_WARN_ENUM_CONVERSION = YES;
				CLANG_WARN_INFINITE_RECURSION = YES;
				CLANG_WARN_INT_CONVERSION = YES;
				CLANG_WARN_OBJC_ROOT_CLASS = YES_ERROR;
				CLANG_WARN_SUSPICIOUS_MOVES = YES;
				CLANG_WARN_UNREACHABLE_CODE = YES;
				CLANG_WARN__DUPLICATE_METHOD_MATCH = YES;
				"CODE_SIGN_IDENTITY[sdk=iphoneos*]" = "iPhone Developer";
				COPY_PHASE_STRIP = NO;
				DEBUG_INFORMATION_FORMAT = "dwarf-with-dsym";
				ENABLE_NS_ASSERTIONS = NO;
				ENABLE_STRICT_OBJC_MSGSEND = YES;
				GCC_C_LANGUAGE_STANDARD = gnu99;
				GCC_NO_COMMON_BLOCKS = YES;
				GCC_WARN_64_TO_32_BIT_CONVERSION = YES;
				GCC_WARN_ABOUT_RETURN_TYPE = YES_ERROR;
				GCC_WARN_UNDECLARED_SELECTOR = YES;
				GCC_WARN_UNINITIALIZED_AUTOS = YES_AGGRESSIVE;
				GCC_WARN_UNUSED_FUNCTION = YES;
				GCC_WARN_UNUSED_VARIABLE = YES;
				IPHONEOS_DEPLOYMENT_TARGET = 10.1;
				MTL_ENABLE_DEBUG_INFO = NO;
				SDKROOT = iphoneos;
				SWIFT_OPTIMIZATION_LEVEL = "-Owholemodule";
				TARGETED_DEVICE_FAMILY = "1,2";
				VALIDATE_PRODUCT = YES;
			};
			name = Release;
		};
		7B36DB171E4268D000EEB1C7 /* Debug */ = {
			isa = XCBuildConfiguration;
			buildSettings = {
				ASSETCATALOG_COMPILER_APPICON_NAME = AppIcon;
				DEVELOPMENT_TEAM = ULU46F325W;
				INFOPLIST_FILE = TipCalculator/Info.plist;
				LD_RUNPATH_SEARCH_PATHS = "$(inherited) @executable_path/Frameworks";
				PRODUCT_BUNDLE_IDENTIFIER = com.speedelo.TipCalculator;
				PRODUCT_NAME = "$(TARGET_NAME)";
				SWIFT_VERSION = 3.0;
				TARGETED_DEVICE_FAMILY = 1;
			};
			name = Debug;
		};
		7B36DB181E4268D000EEB1C7 /* Release */ = {
			isa = XCBuildConfiguration;
			buildSettings = {
				ASSETCATALOG_COMPILER_APPICON_NAME = AppIcon;
				DEVELOPMENT_TEAM = ULU46F325W;
				INFOPLIST_FILE = TipCalculator/Info.plist;
				LD_RUNPATH_SEARCH_PATHS = "$(inherited) @executable_path/Frameworks";
				PRODUCT_BUNDLE_IDENTIFIER = com.speedelo.TipCalculator;
				PRODUCT_NAME = "$(TARGET_NAME)";
				SWIFT_VERSION = 3.0;
				TARGETED_DEVICE_FAMILY = 1;
			};
			name = Release;
		};
/* End XCBuildConfiguration section */

/* Begin XCConfigurationList section */
		7B36DAFF1E4268D000EEB1C7 /* Build configuration list for PBXProject "TipCalculator" */ = {
			isa = XCConfigurationList;
			buildConfigurations = (
				7B36DB141E4268D000EEB1C7 /* Debug */,
				7B36DB151E4268D000EEB1C7 /* Release */,
			);
			defaultConfigurationIsVisible = 0;
			defaultConfigurationName = Release;
		};
		7B36DB161E4268D000EEB1C7 /* Build configuration list for PBXNativeTarget "TipCalculator" */ = {
			isa = XCConfigurationList;
			buildConfigurations = (
				7B36DB171E4268D000EEB1C7 /* Debug */,
				7B36DB181E4268D000EEB1C7 /* Release */,
			);
			defaultConfigurationIsVisible = 0;
			defaultConfigurationName = Release;
		};
/* End XCConfigurationList section */
	};
	rootObject = 7B36DAFC1E4268D000EEB1C7 /* Project object */;
}
